{
  "name": "pieces-copilot-sdk",
  "version": "1.1.8",
  "lockfileVersion": 3,
  "requires": true,
  "packages": {
    "": {
      "name": "pieces-copilot-sdk",
      "version": "1.1.8",
      "license": "ISC",
      "dependencies": {
        "@pieces.app/pieces-os-client": "^3.0.2"
      },
      "devDependencies": {
        "typescript": "^5.4.5"
      }
    },
    "node_modules/@pieces.app/pieces-os-client": {
      "version": "3.0.2",
      "resolved": "https://registry.npmjs.org/@pieces.app/pieces-os-client/-/pieces-os-client-3.0.2.tgz",
      "integrity": "sha512-NMXhhJHZQqMHHTbEgygAZO5s97McFa0yvve4lk1Dra12qFbL9WIQxpW2UEotIYv0vIWDHhb1F/R3hZq0/Snjpg=="
    },
    "node_modules/typescript": {
      "version": "5.4.5",
      "resolved": "https://registry.npmjs.org/typescript/-/typescript-5.4.5.tgz",
      "integrity": "sha512-vcI4UpRgg81oIRUFwR0WSIHKt11nJ7SAVlYNIu+QpqeyXP+gpQJy/Z4+F0aGxSE4MqwjyXvW/TzgkLAx2AGHwQ==",
      "dev": true,
      "bin": {
        "tsc": "bin/tsc",
        "tsserver": "bin/tsserver"
      },
      "engines": {
        "node": ">=14.17"
      }
    }
  }
}
